{
  "projects": [
    {
      "projectId": "8kqtySnL71cyFF3GhKk7Hd",
      "version": "latest",
      "dependencies": {},
      "lang": "ts",
      "fileLocks": [
        {
          "type": "globalVariant",
          "assetId": "cahMFBb9yIJ2",
          "checksum": "2b0bc0fe98a909c790c73c254b02b13f"
        },
        {
          "type": "renderModule",
          "assetId": "cKA_PHiPsB8",
          "checksum": "6b1c31a74eef092e46b3561fbab808c3"
        },
        {
          "type": "cssRules",
          "assetId": "cKA_PHiPsB8",
          "checksum": "6b1c31a74eef092e46b3561fbab808c3"
        },
        {
          "type": "renderModule",
          "assetId": "Wvb1UPv4GgD1",
          "checksum": "330d030473d71e83347549a87aad9b2f"
        },
        {
          "type": "cssRules",
          "assetId": "Wvb1UPv4GgD1",
          "checksum": "330d030473d71e83347549a87aad9b2f"
        },
        {
          "type": "renderModule",
          "assetId": "aytpbToFSGjM",
          "checksum": "f2e0e81fbcc12761e469182cccbdcc07"
        },
        {
          "type": "cssRules",
          "assetId": "aytpbToFSGjM",
          "checksum": "f2e0e81fbcc12761e469182cccbdcc07"
        },
        {
          "type": "renderModule",
          "assetId": "E7IKOVv24XXy",
          "checksum": "617ee677c176a8857c19eefb615b25c1"
        },
        {
          "type": "cssRules",
          "assetId": "E7IKOVv24XXy",
          "checksum": "617ee677c176a8857c19eefb615b25c1"
        },
        {
          "type": "renderModule",
          "assetId": "mx21GcmJtoKJ",
          "checksum": "1782d9e1c30562854ed87162fd3b8ddb"
        },
        {
          "type": "cssRules",
          "assetId": "mx21GcmJtoKJ",
          "checksum": "1782d9e1c30562854ed87162fd3b8ddb"
        },
        {
          "type": "renderModule",
          "assetId": "xuT8qHsnw9QA",
          "checksum": "b1ae8c0fbdb51b124c05558709febd31"
        },
        {
          "type": "cssRules",
          "assetId": "xuT8qHsnw9QA",
          "checksum": "b1ae8c0fbdb51b124c05558709febd31"
        },
        {
          "type": "renderModule",
          "assetId": "MiGWel9QVODR",
          "checksum": "d7341fbeca1c78de31b59307093d2cd4"
        },
        {
          "type": "cssRules",
          "assetId": "MiGWel9QVODR",
          "checksum": "d7341fbeca1c78de31b59307093d2cd4"
        },
        {
          "type": "renderModule",
          "assetId": "J3Alq2PBGCQL",
          "checksum": "c323bb940972028fb6e6dc2ea2e600ea"
        },
        {
          "type": "cssRules",
          "assetId": "J3Alq2PBGCQL",
          "checksum": "c323bb940972028fb6e6dc2ea2e600ea"
        },
        {
          "type": "renderModule",
          "assetId": "4U_rZkwsk640",
          "checksum": "5821a2dac97720399945ce6369b22348"
        },
        {
          "type": "cssRules",
          "assetId": "4U_rZkwsk640",
          "checksum": "5821a2dac97720399945ce6369b22348"
        },
        {
          "type": "renderModule",
          "assetId": "6J30jWDoE4D2",
          "checksum": "0bfa1607bc470644612ca96315813d18"
        },
        {
          "type": "cssRules",
          "assetId": "6J30jWDoE4D2",
          "checksum": "0bfa1607bc470644612ca96315813d18"
        },
        {
          "type": "renderModule",
          "assetId": "C9EsJLJf4pfn",
          "checksum": "fb1483d2178b84d07ca7d260cc807c35"
        },
        {
          "type": "cssRules",
          "assetId": "C9EsJLJf4pfn",
          "checksum": "fb1483d2178b84d07ca7d260cc807c35"
        },
        {
          "type": "renderModule",
          "assetId": "E2kIqFsnHYPs",
          "checksum": "2bb5458b9da2f169e1e01fcbdb208a5a"
        },
        {
          "type": "cssRules",
          "assetId": "E2kIqFsnHYPs",
          "checksum": "2bb5458b9da2f169e1e01fcbdb208a5a"
        },
        {
          "type": "renderModule",
          "assetId": "xAnzhKfFc5O0",
          "checksum": "16ec3da3835c3eb53e32c6055dbcb6e4"
        },
        {
          "type": "cssRules",
          "assetId": "xAnzhKfFc5O0",
          "checksum": "16ec3da3835c3eb53e32c6055dbcb6e4"
        },
        {
          "type": "renderModule",
          "assetId": "l9A5H_zFyiQW",
          "checksum": "758381f6ecd99d27a992a9a1bc32acc7"
        },
        {
          "type": "cssRules",
          "assetId": "l9A5H_zFyiQW",
          "checksum": "758381f6ecd99d27a992a9a1bc32acc7"
        },
        {
          "type": "renderModule",
          "assetId": "5YpR8aD8yRxn",
          "checksum": "faee17b1cfdb54f2cbcee12de5da239d"
        },
        {
          "type": "cssRules",
          "assetId": "5YpR8aD8yRxn",
          "checksum": "faee17b1cfdb54f2cbcee12de5da239d"
        },
        {
          "type": "renderModule",
          "assetId": "ZxwF6LtUf7wI",
          "checksum": "9dbbb28652c687e24d4beeb9c186b041"
        },
        {
          "type": "cssRules",
          "assetId": "ZxwF6LtUf7wI",
          "checksum": "9dbbb28652c687e24d4beeb9c186b041"
        },
        {
          "type": "icon",
          "assetId": "dmMF3tC38IpI",
          "checksum": "c9fac4a0eccf55b777b7f20dda8462a4"
        },
        {
          "type": "icon",
          "assetId": "AYbO6tWkQwgR",
          "checksum": "76502ba6ffa5ed4e9ee8f22ca6b4ebcc"
        },
        {
          "type": "icon",
          "assetId": "BBKmEncj72i4",
          "checksum": "a133d839c264737793f35b64071e0062"
        },
        {
          "type": "icon",
          "assetId": "xIuPx2GojIES",
          "checksum": "388f0afe8e385b425ffa83d5115ff681"
        },
        {
          "type": "icon",
          "assetId": "b9xiH8V4CDrr",
          "checksum": "0094e95b336b7178e66875a1ff297f99"
        },
        {
          "type": "icon",
          "assetId": "npQc9ycyY7So",
          "checksum": "de7e506733463d5dfd422b66f2905145"
        },
        {
          "type": "icon",
          "assetId": "Bl1NSMjbASyZ",
          "checksum": "582a5778b393d4553272cb7f3181ee05"
        },
        {
          "type": "icon",
          "assetId": "28RDjqA72Gmk",
          "checksum": "f58fcf9fe2abf00e4f4d2eee484c95ac"
        },
        {
          "type": "icon",
          "assetId": "78m0p5dnVM5S",
          "checksum": "ce6bbc14b8f65a7d4898d70b463f8af4"
        },
        {
          "type": "icon",
          "assetId": "aTmAijt1ascz",
          "checksum": "b1cb5222aff1f3ad920720e00ee6235c"
        },
        {
          "type": "icon",
          "assetId": "VEenXaHmkGY-",
          "checksum": "52a1107e31be25c5e511ba157c29bfd2"
        },
        {
          "type": "icon",
          "assetId": "0XbcHwMLtRhi",
          "checksum": "be8f2bcc6f7f0f13d783a855ec8ea032"
        },
        {
          "type": "icon",
          "assetId": "0xQRIjZbGnCC",
          "checksum": "63251885d58a11a9af5feb3df7b5bbf1"
        },
        {
          "type": "icon",
          "assetId": "UYayBibN7cos",
          "checksum": "7b140540e40ac3b465693a193c2cd9d9"
        },
        {
          "type": "icon",
          "assetId": "Yg1lrhWKTDN7",
          "checksum": "c8b3f36670a3bb469828d9cfc4872f96"
        },
        {
          "type": "icon",
          "assetId": "Vovfg_qxLzNA",
          "checksum": "022797641c58be9ed648d6981c0e431f"
        },
        {
          "type": "icon",
          "assetId": "HPZNWI9wvtxi",
          "checksum": "f2aba507df2a092fa5153a9d689d933e"
        },
        {
          "type": "image",
          "assetId": "6e-6I2aAahEu",
          "checksum": "0594df7d02e175b1578c9448b49fbad6"
        },
        {
          "type": "image",
          "assetId": "gZsezdIDZzxs",
          "checksum": "e748531961e34e238177cad848bb3aed"
        },
        {
          "type": "image",
          "assetId": "psWcmqGSzqPo",
          "checksum": "42f8b0170cf256443ab57275c5f8e877"
        },
        {
          "type": "image",
          "assetId": "yJ6AhZetDe4i",
          "checksum": "7a50f2757e8fabf5711e13104a4df082"
        },
        {
          "type": "image",
          "assetId": "VFaiqnQ2lezp",
          "checksum": "dd79a4d7824e64ccbe4699b592457ee9"
        },
        {
          "type": "image",
          "assetId": "wSdK4O0Vyr7G",
          "checksum": "53e720fd203c2d64c8ad41eac2d92d7f"
        },
        {
          "type": "image",
          "assetId": "Q-j6t6op9Vp_",
          "checksum": "440ba46abde2a515c2c017bdcfa355bc"
        },
        {
          "type": "image",
          "assetId": "_DAy4rGx2To7",
          "checksum": "98e41bba0607de463f4ac503c522205e"
        },
        {
          "type": "image",
          "assetId": "-pSac31g_Jqn",
          "checksum": "1d8bf644ba3402dedb0154fc02b20aa7"
        },
        {
          "type": "image",
          "assetId": "UMDead0NoOKA",
          "checksum": "ac52569d29ccd57271f54f76e9d0b798"
        },
        {
          "type": "image",
          "assetId": "-3ynJBWpxEzL",
          "checksum": "5286e798bd4302fddae73748f0617181"
        },
        {
          "type": "image",
          "assetId": "BJsx85sjv1SZ",
          "checksum": "96cd040ef3d333811b991b0ae15b6fe7"
        },
        {
          "type": "image",
          "assetId": "B1QDr7kvUtmZ",
          "checksum": "189e743eb0b0b04da32853d67604b232"
        },
        {
          "type": "image",
          "assetId": "lMT0DhUTigfX",
          "checksum": "f7e64978236fd146db50e59e63635b54"
        },
        {
          "type": "image",
          "assetId": "73uP9acqub1s",
          "checksum": "7116d9faa0db4a45da4d0e2dffd35290"
        },
        {
          "type": "image",
          "assetId": "XCuCY61LacpF",
          "checksum": "c36b39ffcbd179df030d492865c0069f"
        },
        {
          "type": "image",
          "assetId": "VTdubTOsafdt",
          "checksum": "b824596b81e3cd33db6b6609bdf344ee"
        },
        {
          "type": "image",
          "assetId": "sIIw4-ij6KBp",
          "checksum": "90957d866630f77942d7dd40f3dc9196"
        },
        {
          "type": "image",
          "assetId": "NYKiGXp4ULvX",
          "checksum": "89a22ea41ef66a5eceb70cf1b1f1e316"
        },
        {
          "type": "image",
          "assetId": "LCn_vq1RADFw",
          "checksum": "2931e12289b8b2f79282093e95741575"
        },
        {
          "type": "image",
          "assetId": "lUiHSRaeS",
          "checksum": "a3841db478e457c8d92194da31d7af95"
        },
        {
          "type": "image",
          "assetId": "kDII0OD3T",
          "checksum": "13a874ca889463c3afc70e4700fbef56"
        },
        {
          "assetId": "8kqtySnL71cyFF3GhKk7Hd",
          "type": "projectCss",
          "checksum": "2a817bb6e227fc7be89acbcd33b1cebf"
        },
        {
          "type": "renderModule",
          "assetId": "UrIpDiN_eU",
          "checksum": "64e4e5b8657a3c52487867ffaa0baf20"
        },
        {
          "type": "cssRules",
          "assetId": "UrIpDiN_eU",
          "checksum": "64e4e5b8657a3c52487867ffaa0baf20"
        },
        {
          "type": "image",
          "assetId": "WRgKepyL6IB",
          "checksum": "7e045acaede4ee08ea18f8d4b592bd1f"
        },
        {
          "type": "image",
          "assetId": "Hk00OjT9NH9",
          "checksum": "19cac5c151188cc43568e205998e7c9c"
        },
        {
          "type": "image",
          "assetId": "k28vMC_4kF4",
          "checksum": "56b0a7b5bde927c92056394df58af271"
        },
        {
          "type": "image",
          "assetId": "l5MWj74D77U",
          "checksum": "1c9926d141f3a5545e0aae3a21eed29c"
        },
        {
          "type": "image",
          "assetId": "nooK5wJFg",
          "checksum": "952e448a0a2423891097a1bbf124dbc5"
        },
        {
          "type": "image",
          "assetId": "kTHb-MsOc",
          "checksum": "52b1a477e5738ce7337249b6dc1d731b"
        }
      ],
      "codegenVersion": "0.0.1"
    }
  ],
  "cliVersion": "0.1.302"
}
